
Microsoft Visual Studio Solution File, Format Version 12.00
# Visual Studio Version 16
VisualStudioVersion = 16.0.35026.282
MinimumVisualStudioVersion = 10.0.40219.1
Project("{FAE04EC0-301F-11D3-BF4B-00C04F79EFBC}") = "4311P12", "4311P12\4311P12.csproj", "{24E9FE83-7C39-46A8-A47E-D4B6C7A9C1D0}"
EndProject
Global
	GlobalSection(SolutionConfigurationPlatforms) = preSolution
		Debug|Any CPU = Debug|Any CPU
		Release|Any CPU = Release|Any CPU
	EndGlobalSection
	GlobalSection(ProjectConfigurationPlatforms) = postSolution
		{24E9FE83-7C39-46A8-A47E-D4B6C7A9C1D0}.Debug|Any CPU.ActiveCfg = Debug|Any CPU
		{24E9FE83-7C39-46A8-A47E-D4B6C7A9C1D0}.Debug|Any CPU.Build.0 = Debug|Any CPU
		{24E9FE83-7C39-46A8-A47E-D4B6C7A9C1D0}.Release|Any CPU.ActiveCfg = Release|Any CPU
		{24E9FE83-7C39-46A8-A47E-D4B6C7A9C1D0}.Release|Any CPU.Build.0 = Release|Any CPU
	EndGlobalSection
	GlobalSection(SolutionProperties) = preSolution
		HideSolutionNode = FALSE
	EndGlobalSection
	GlobalSection(ExtensibilityGlobals) = postSolution
		SolutionGuid = {92B3EA15-9967-4E52-B357-9A42D81D61BC}
	EndGlobalSection
EndGlobal
